// !$*UTF8*$!
{
	archiveVersion = 1;
	classes = {
	};
	objectVersion = 56;
	objects = {

/* Begin PBXBuildFile section */
		84FA474129768243008B605D /* AppDelegate.swift in Sources */ = {isa = PBXBuildFile; fileRef = 84FA474029768243008B605D /* AppDelegate.swift */; };
		84FA474329768243008B605D /* SceneDelegate.swift in Sources */ = {isa = PBXBuildFile; fileRef = 84FA474229768243008B605D /* SceneDelegate.swift */; };
		84FA474529768243008B605D /* ViewController.swift in Sources */ = {isa = PBXBuildFile; fileRef = 84FA474429768243008B605D /* ViewController.swift */; };
		84FA474829768243008B605D /* Main.storyboard in Resources */ = {isa = PBXBuildFile; fileRef = 84FA474629768243008B605D /* Main.storyboard */; };
		84FA474A29768245008B605D /* Assets.xcassets in Resources */ = {isa = PBXBuildFile; fileRef = 84FA474929768245008B605D /* Assets.xcassets */; };
		84FA474D29768245008B605D /* LaunchScreen.storyboard in Resources */ = {isa = PBXBuildFile; fileRef = 84FA474B29768245008B605D /* LaunchScreen.storyboard */; };
		84FA475B2976838F008B605D /* Constants.swift in Sources */ = {isa = PBXBuildFile; fileRef = 84FA475A2976838F008B605D /* Constants.swift */; };
		84FA475D297683AC008B605D /* ConstantsTemplate.swift in Sources */ = {isa = PBXBuildFile; fileRef = 84FA475C297683AC008B605D /* ConstantsTemplate.swift */; };
		84FA475F297683C6008B605D /* YouTubeService.swift in Sources */ = {isa = PBXBuildFile; fileRef = 84FA475E297683C6008B605D /* YouTubeService.swift */; };
		84FA4761297683DF008B605D /* VideoModel.swift in Sources */ = {isa = PBXBuildFile; fileRef = 84FA4760297683DF008B605D /* VideoModel.swift */; };
		84FA4763297683F0008B605D /* Model.swift in Sources */ = {isa = PBXBuildFile; fileRef = 84FA4762297683F0008B605D /* Model.swift */; };
		84FA476529768401008B605D /* Response.swift in Sources */ = {isa = PBXBuildFile; fileRef = 84FA476429768401008B605D /* Response.swift */; };
		84FA476729768423008B605D /* VideoViewCell.swift in Sources */ = {isa = PBXBuildFile; fileRef = 84FA476629768423008B605D /* VideoViewCell.swift */; };
		84FA476929768467008B605D /* MenuBarView.swift in Sources */ = {isa = PBXBuildFile; fileRef = 84FA476829768467008B605D /* MenuBarView.swift */; };
		84FA476C29768497008B605D /* SnapKit in Frameworks */ = {isa = PBXBuildFile; productRef = 84FA476B29768497008B605D /* SnapKit */; };
		84FA476F297684C7008B605D /* Alamofire in Frameworks */ = {isa = PBXBuildFile; productRef = 84FA476E297684C7008B605D /* Alamofire */; };
		84FA47722976C741008B605D /* MenuBarCell.swift in Sources */ = {isa = PBXBuildFile; fileRef = 84FA47712976C741008B605D /* MenuBarCell.swift */; };
/* End PBXBuildFile section */

/* Begin PBXFileReference section */
		84FA473D29768243008B605D /* YouTube_Project.app */ = {isa = PBXFileReference; explicitFileType = wrapper.application; includeInIndex = 0; path = YouTube_Project.app; sourceTree = BUILT_PRODUCTS_DIR; };
		84FA474029768243008B605D /* AppDelegate.swift */ = {isa = PBXFileReference; lastKnownFileType = sourcecode.swift; path = AppDelegate.swift; sourceTree = "<group>"; };
		84FA474229768243008B605D /* SceneDelegate.swift */ = {isa = PBXFileReference; lastKnownFileType = sourcecode.swift; path = SceneDelegate.swift; sourceTree = "<group>"; };
		84FA474429768243008B605D /* ViewController.swift */ = {isa = PBXFileReference; lastKnownFileType = sourcecode.swift; path = ViewController.swift; sourceTree = "<group>"; };
		84FA474729768243008B605D /* Base */ = {isa = PBXFileReference; lastKnownFileType = file.storyboard; name = Base; path = Base.lproj/Main.storyboard; sourceTree = "<group>"; };
		84FA474929768245008B605D /* Assets.xcassets */ = {isa = PBXFileReference; lastKnownFileType = folder.assetcatalog; path = Assets.xcassets; sourceTree = "<group>"; };
		84FA474C29768245008B605D /* Base */ = {isa = PBXFileReference; lastKnownFileType = file.storyboard; name = Base; path = Base.lproj/LaunchScreen.storyboard; sourceTree = "<group>"; };
		84FA474E29768245008B605D /* Info.plist */ = {isa = PBXFileReference; lastKnownFileType = text.plist.xml; path = Info.plist; sourceTree = "<group>"; };
		84FA475A2976838F008B605D /* Constants.swift */ = {isa = PBXFileReference; lastKnownFileType = sourcecode.swift; path = Constants.swift; sourceTree = "<group>"; };
		84FA475C297683AC008B605D /* ConstantsTemplate.swift */ = {isa = PBXFileReference; lastKnownFileType = sourcecode.swift; path = ConstantsTemplate.swift; sourceTree = "<group>"; };
		84FA475E297683C6008B605D /* YouTubeService.swift */ = {isa = PBXFileReference; lastKnownFileType = sourcecode.swift; path = YouTubeService.swift; sourceTree = "<group>"; };
		84FA4760297683DF008B605D /* VideoModel.swift */ = {isa = PBXFileReference; lastKnownFileType = sourcecode.swift; path = VideoModel.swift; sourceTree = "<group>"; };
		84FA4762297683F0008B605D /* Model.swift */ = {isa = PBXFileReference; lastKnownFileType = sourcecode.swift; path = Model.swift; sourceTree = "<group>"; };
		84FA476429768401008B605D /* Response.swift */ = {isa = PBXFileReference; lastKnownFileType = sourcecode.swift; path = Response.swift; sourceTree = "<group>"; };
		84FA476629768423008B605D /* VideoViewCell.swift */ = {isa = PBXFileReference; lastKnownFileType = sourcecode.swift; path = VideoViewCell.swift; sourceTree = "<group>"; };
		84FA476829768467008B605D /* MenuBarView.swift */ = {isa = PBXFileReference; lastKnownFileType = sourcecode.swift; path = MenuBarView.swift; sourceTree = "<group>"; };
		84FA47712976C741008B605D /* MenuBarCell.swift */ = {isa = PBXFileReference; lastKnownFileType = sourcecode.swift; path = MenuBarCell.swift; sourceTree = "<group>"; };
/* End PBXFileReference section */

/* Begin PBXFrameworksBuildPhase section */
		84FA473A29768243008B605D /* Frameworks */ = {
			isa = PBXFrameworksBuildPhase;
			buildActionMask = 2147483647;
			files = (
				84FA476C29768497008B605D /* SnapKit in Frameworks */,
				84FA476F297684C7008B605D /* Alamofire in Frameworks */,
			);
			runOnlyForDeploymentPostprocessing = 0;
		};
/* End PBXFrameworksBuildPhase section */

/* Begin PBXGroup section */
		84FA473429768243008B605D = {
			isa = PBXGroup;
			children = (
				84FA473F29768243008B605D /* YouTube_Project */,
				84FA473E29768243008B605D /* Products */,
			);
			sourceTree = "<group>";
		};
		84FA473E29768243008B605D /* Products */ = {
			isa = PBXGroup;
			children = (
				84FA473D29768243008B605D /* YouTube_Project.app */,
			);
			name = Products;
			sourceTree = "<group>";
		};
		84FA473F29768243008B605D /* YouTube_Project */ = {
			isa = PBXGroup;
			children = (
				84FA47592976837F008B605D /* ViewController */,
				84FA475829768376008B605D /* TableViewCell */,
				84FA47702976C716008B605D /* CollectionViewCell */,
				84FA47572976836E008B605D /* ViewModel */,
				84FA475629768369008B605D /* Model */,
				84FA475529768360008B605D /* Service */,
				84FA475429768359008B605D /* Constants */,
				84FA474029768243008B605D /* AppDelegate.swift */,
				84FA474229768243008B605D /* SceneDelegate.swift */,
				84FA474629768243008B605D /* Main.storyboard */,
				84FA474929768245008B605D /* Assets.xcassets */,
				84FA474B29768245008B605D /* LaunchScreen.storyboard */,
				84FA474E29768245008B605D /* Info.plist */,
			);
			path = YouTube_Project;
			sourceTree = "<group>";
		};
		84FA475429768359008B605D /* Constants */ = {
			isa = PBXGroup;
			children = (
				84FA475A2976838F008B605D /* Constants.swift */,
				84FA475C297683AC008B605D /* ConstantsTemplate.swift */,
			);
			path = Constants;
			sourceTree = "<group>";
		};
		84FA475529768360008B605D /* Service */ = {
			isa = PBXGroup;
			children = (
				84FA475E297683C6008B605D /* YouTubeService.swift */,
			);
			path = Service;
			sourceTree = "<group>";
		};
		84FA475629768369008B605D /* Model */ = {
			isa = PBXGroup;
			children = (
				84FA4760297683DF008B605D /* VideoModel.swift */,
				84FA4762297683F0008B605D /* Model.swift */,
				84FA476429768401008B605D /* Response.swift */,
			);
			path = Model;
			sourceTree = "<group>";
		};
		84FA47572976836E008B605D /* ViewModel */ = {
			isa = PBXGroup;
			children = (
			);
			path = ViewModel;
			sourceTree = "<group>";
		};
		84FA475829768376008B605D /* TableViewCell */ = {
			isa = PBXGroup;
			children = (
				84FA476629768423008B605D /* VideoViewCell.swift */,
			);
			path = TableViewCell;
			sourceTree = "<group>";
		};
		84FA47592976837F008B605D /* ViewController */ = {
			isa = PBXGroup;
			children = (
				84FA474429768243008B605D /* ViewController.swift */,
				84FA476829768467008B605D /* MenuBarView.swift */,
			);
			path = ViewController;
			sourceTree = "<group>";
		};
		84FA47702976C716008B605D /* CollectionViewCell */ = {
			isa = PBXGroup;
			children = (
				84FA47712976C741008B605D /* MenuBarCell.swift */,
			);
			path = CollectionViewCell;
			sourceTree = "<group>";
		};
/* End PBXGroup section */

/* Begin PBXNativeTarget section */
		84FA473C29768243008B605D /* YouTube_Project */ = {
			isa = PBXNativeTarget;
			buildConfigurationList = 84FA475129768245008B605D /* Build configuration list for PBXNativeTarget "YouTube_Project" */;
			buildPhases = (
				84FA473929768243008B605D /* Sources */,
				84FA473A29768243008B605D /* Frameworks */,
				84FA473B29768243008B605D /* Resources */,
			);
			buildRules = (
			);
			dependencies = (
			);
			name = YouTube_Project;
			packageProductDependencies = (
				84FA476B29768497008B605D /* SnapKit */,
				84FA476E297684C7008B605D /* Alamofire */,
			);
			productName = YouTube_Project;
			productReference = 84FA473D29768243008B605D /* YouTube_Project.app */;
			productType = "com.apple.product-type.application";
		};
/* End PBXNativeTarget section */

/* Begin PBXProject section */
		84FA473529768243008B605D /* Project object */ = {
			isa = PBXProject;
			attributes = {
				BuildIndependentTargetsInParallel = 1;
				LastSwiftUpdateCheck = 1420;
				LastUpgradeCheck = 1420;
				TargetAttributes = {
					84FA473C29768243008B605D = {
						CreatedOnToolsVersion = 14.2;
					};
				};
			};
			buildConfigurationList = 84FA473829768243008B605D /* Build configuration list for PBXProject "YouTube_Project" */;
			compatibilityVersion = "Xcode 14.0";
			developmentRegion = en;
			hasScannedForEncodings = 0;
			knownRegions = (
				en,
				Base,
			);
			mainGroup = 84FA473429768243008B605D;
			packageReferences = (
				84FA476A29768497008B605D /* XCRemoteSwiftPackageReference "SnapKit" */,
				84FA476D297684C7008B605D /* XCRemoteSwiftPackageReference "Alamofire" */,
			);
			productRefGroup = 84FA473E29768243008B605D /* Products */;
			projectDirPath = "";
			projectRoot = "";
			targets = (
				84FA473C29768243008B605D /* YouTube_Project */,
			);
		};
/* End PBXProject section */

/* Begin PBXResourcesBuildPhase section */
		84FA473B29768243008B605D /* Resources */ = {
			isa = PBXResourcesBuildPhase;
			buildActionMask = 2147483647;
			files = (
				84FA474D29768245008B605D /* LaunchScreen.storyboard in Resources */,
				84FA474A29768245008B605D /* Assets.xcassets in Resources */,
				84FA474829768243008B605D /* Main.storyboard in Resources */,
			);
			runOnlyForDeploymentPostprocessing = 0;
		};
/* End PBXResourcesBuildPhase section */

/* Begin PBXSourcesBuildPhase section */
		84FA473929768243008B605D /* Sources */ = {
			isa = PBXSourcesBuildPhase;
			buildActionMask = 2147483647;
			files = (
				84FA474529768243008B605D /* ViewController.swift in Sources */,
				84FA474129768243008B605D /* AppDelegate.swift in Sources */,
				84FA47722976C741008B605D /* MenuBarCell.swift in Sources */,
				84FA476929768467008B605D /* MenuBarView.swift in Sources */,
				84FA474329768243008B605D /* SceneDelegate.swift in Sources */,
				84FA475F297683C6008B605D /* YouTubeService.swift in Sources */,
				84FA476529768401008B605D /* Response.swift in Sources */,
				84FA475B2976838F008B605D /* Constants.swift in Sources */,
				84FA476729768423008B605D /* VideoViewCell.swift in Sources */,
				84FA4761297683DF008B605D /* VideoModel.swift in Sources */,
				84FA475D297683AC008B605D /* ConstantsTemplate.swift in Sources */,
				84FA4763297683F0008B605D /* Model.swift in Sources */,
			);
			runOnlyForDeploymentPostprocessing = 0;
		};
/* End PBXSourcesBuildPhase section */

/* Begin PBXVariantGroup section */
		84FA474629768243008B605D /* Main.storyboard */ = {
			isa = PBXVariantGroup;
			children = (
				84FA474729768243008B605D /* Base */,
			);
			name = Main.storyboard;
			sourceTree = "<group>";
		};
		84FA474B29768245008B605D /* LaunchScreen.storyboard */ = {
			isa = PBXVariantGroup;
			children = (
				84FA474C29768245008B605D /* Base */,
			);
			name = LaunchScreen.storyboard;
			sourceTree = "<group>";
		};
/* End PBXVariantGroup section */

/* Begin XCBuildConfiguration section */
		84FA474F29768245008B605D /* Debug */ = {
			isa = XCBuildConfiguration;
			buildSettings = {
				ALWAYS_SEARCH_USER_PATHS = NO;
				CLANG_ANALYZER_NONNULL = YES;
				CLANG_ANALYZER_NUMBER_OBJECT_CONVERSION = YES_AGGRESSIVE;
				CLANG_CXX_LANGUAGE_STANDARD = "gnu++20";
				CLANG_ENABLE_MODULES = YES;
				CLANG_ENABLE_OBJC_ARC = YES;
				CLANG_ENABLE_OBJC_WEAK = YES;
				CLANG_WARN_BLOCK_CAPTURE_AUTORELEASING = YES;
				CLANG_WARN_BOOL_CONVERSION = YES;
				CLANG_WARN_COMMA = YES;
				CLANG_WARN_CONSTANT_CONVERSION = YES;
				CLANG_WARN_DEPRECATED_OBJC_IMPLEMENTATIONS = YES;
				CLANG_WARN_DIRECT_OBJC_ISA_USAGE = YES_ERROR;
				CLANG_WARN_DOCUMENTATION_COMMENTS = YES;
				CLANG_WARN_EMPTY_BODY = YES;
				CLANG_WARN_ENUM_CONVERSION = YES;
				CLANG_WARN_INFINITE_RECURSION = YES;
				CLANG_WARN_INT_CONVERSION = YES;
				CLANG_WARN_NON_LITERAL_NULL_CONVERSION = YES;
				CLANG_WARN_OBJC_IMPLICIT_RETAIN_SELF = YES;
				CLANG_WARN_OBJC_LITERAL_CONVERSION = YES;
				CLANG_WARN_OBJC_ROOT_CLASS = YES_ERROR;
				CLANG_WARN_QUOTED_INCLUDE_IN_FRAMEWORK_HEADER = YES;
				CLANG_WARN_RANGE_LOOP_ANALYSIS = YES;
				CLANG_WARN_STRICT_PROTOTYPES = YES;
				CLANG_WARN_SUSPICIOUS_MOVE = YES;
				CLANG_WARN_UNGUARDED_AVAILABILITY = YES_AGGRESSIVE;
				CLANG_WARN_UNREACHABLE_CODE = YES;
				CLANG_WARN__DUPLICATE_METHOD_MATCH = YES;
				COPY_PHASE_STRIP = NO;
				DEBUG_INFORMATION_FORMAT = dwarf;
				ENABLE_STRICT_OBJC_MSGSEND = YES;
				ENABLE_TESTABILITY = YES;
				GCC_C_LANGUAGE_STANDARD = gnu11;
				GCC_DYNAMIC_NO_PIC = NO;
				GCC_NO_COMMON_BLOCKS = YES;
				GCC_OPTIMIZATION_LEVEL = 0;
				GCC_PREPROCESSOR_DEFINITIONS = (
					"DEBUG=1",
					"$(inherited)",
				);
				GCC_WARN_64_TO_32_BIT_CONVERSION = YES;
				GCC_WARN_ABOUT_RETURN_TYPE = YES_ERROR;
				GCC_WARN_UNDECLARED_SELECTOR = YES;
				GCC_WARN_UNINITIALIZED_AUTOS = YES_AGGRESSIVE;
				GCC_WARN_UNUSED_FUNCTION = YES;
				GCC_WARN_UNUSED_VARIABLE = YES;
				IPHONEOS_DEPLOYMENT_TARGET = 16.2;
				MTL_ENABLE_DEBUG_INFO = INCLUDE_SOURCE;
				MTL_FAST_MATH = YES;
				ONLY_ACTIVE_ARCH = YES;
				SDKROOT = iphoneos;
				SWIFT_ACTIVE_COMPILATION_CONDITIONS = DEBUG;
				SWIFT_OPTIMIZATION_LEVEL = "-Onone";
			};
			name = Debug;
		};
		84FA475029768245008B605D /* Release */ = {
			isa = XCBuildConfiguration;
			buildSettings = {
				ALWAYS_SEARCH_USER_PATHS = NO;
				CLANG_ANALYZER_NONNULL = YES;
				CLANG_ANALYZER_NUMBER_OBJECT_CONVERSION = YES_AGGRESSIVE;
				CLANG_CXX_LANGUAGE_STANDARD = "gnu++20";
				CLANG_ENABLE_MODULES = YES;
				CLANG_ENABLE_OBJC_ARC = YES;
				CLANG_ENABLE_OBJC_WEAK = YES;
				CLANG_WARN_BLOCK_CAPTURE_AUTORELEASING = YES;
				CLANG_WARN_BOOL_CONVERSION = YES;
				CLANG_WARN_COMMA = YES;
				CLANG_WARN_CONSTANT_CONVERSION = YES;
				CLANG_WARN_DEPRECATED_OBJC_IMPLEMENTATIONS = YES;
				CLANG_WARN_DIRECT_OBJC_ISA_USAGE = YES_ERROR;
				CLANG_WARN_DOCUMENTATION_COMMENTS = YES;
				CLANG_WARN_EMPTY_BODY = YES;
				CLANG_WARN_ENUM_CONVERSION = YES;
				CLANG_WARN_INFINITE_RECURSION = YES;
				CLANG_WARN_INT_CONVERSION = YES;
				CLANG_WARN_NON_LITERAL_NULL_CONVERSION = YES;
				CLANG_WARN_OBJC_IMPLICIT_RETAIN_SELF = YES;
				CLANG_WARN_OBJC_LITERAL_CONVERSION = YES;
				CLANG_WARN_OBJC_ROOT_CLASS = YES_ERROR;
				CLANG_WARN_QUOTED_INCLUDE_IN_FRAMEWORK_HEADER = YES;
				CLANG_WARN_RANGE_LOOP_ANALYSIS = YES;
				CLANG_WARN_STRICT_PROTOTYPES = YES;
				CLANG_WARN_SUSPICIOUS_MOVE = YES;
				CLANG_WARN_UNGUARDED_AVAILABILITY = YES_AGGRESSIVE;
				CLANG_WARN_UNREACHABLE_CODE = YES;
				CLANG_WARN__DUPLICATE_METHOD_MATCH = YES;
				COPY_PHASE_STRIP = NO;
				DEBUG_INFORMATION_FORMAT = "dwarf-with-dsym";
				ENABLE_NS_ASSERTIONS = NO;
				ENABLE_STRICT_OBJC_MSGSEND = YES;
				GCC_C_LANGUAGE_STANDARD = gnu11;
				GCC_NO_COMMON_BLOCKS = YES;
				GCC_WARN_64_TO_32_BIT_CONVERSION = YES;
				GCC_WARN_ABOUT_RETURN_TYPE = YES_ERROR;
				GCC_WARN_UNDECLARED_SELECTOR = YES;
				GCC_WARN_UNINITIALIZED_AUTOS = YES_AGGRESSIVE;
				GCC_WARN_UNUSED_FUNCTION = YES;
				GCC_WARN_UNUSED_VARIABLE = YES;
				IPHONEOS_DEPLOYMENT_TARGET = 16.2;
				MTL_ENABLE_DEBUG_INFO = NO;
				MTL_FAST_MATH = YES;
				SDKROOT = iphoneos;
				SWIFT_COMPILATION_MODE = wholemodule;
				SWIFT_OPTIMIZATION_LEVEL = "-O";
				VALIDATE_PRODUCT = YES;
			};
			name = Release;
		};
		84FA475229768245008B605D /* Debug */ = {
			isa = XCBuildConfiguration;
			buildSettings = {
				ASSETCATALOG_COMPILER_APPICON_NAME = AppIcon;
				ASSETCATALOG_COMPILER_GLOBAL_ACCENT_COLOR_NAME = AccentColor;
				CODE_SIGN_STYLE = Automatic;
				CURRENT_PROJECT_VERSION = 1;
				GENERATE_INFOPLIST_FILE = YES;
				INFOPLIST_FILE = YouTube_Project/Info.plist;
				INFOPLIST_KEY_UIApplicationSupportsIndirectInputEvents = YES;
				INFOPLIST_KEY_UILaunchStoryboardName = LaunchScreen;
				INFOPLIST_KEY_UISupportedInterfaceOrientations_iPad = "UIInterfaceOrientationPortrait UIInterfaceOrientationPortraitUpsideDown UIInterfaceOrientationLandscapeLeft UIInterfaceOrientationLandscapeRight";
				INFOPLIST_KEY_UISupportedInterfaceOrientations_iPhone = "UIInterfaceOrientationPortrait UIInterfaceOrientationLandscapeLeft UIInterfaceOrientationLandscapeRight";
				LD_RUNPATH_SEARCH_PATHS = (
					"$(inherited)",
					"@executable_path/Frameworks",
				);
				MARKETING_VERSION = 1.0;
				PRODUCT_BUNDLE_IDENTIFIER = "com.mert.YouTube-Project";
				PRODUCT_NAME = "$(TARGET_NAME)";
				SWIFT_EMIT_LOC_STRINGS = YES;
				SWIFT_VERSION = 5.0;
				TARGETED_DEVICE_FAMILY = "1,2";
			};
			name = Debug;
		};
		84FA475329768245008B605D /* Release */ = {
			isa = XCBuildConfiguration;
			buildSettings = {
				ASSETCATALOG_COMPILER_APPICON_NAME = AppIcon;
				ASSETCATALOG_COMPILER_GLOBAL_ACCENT_COLOR_NAME = AccentColor;
				CODE_SIGN_STYLE = Automatic;
				CURRENT_PROJECT_VERSION = 1;
				GENERATE_INFOPLIST_FILE = YES;
				INFOPLIST_FILE = YouTube_Project/Info.plist;
				INFOPLIST_KEY_UIApplicationSupportsIndirectInputEvents = YES;
				INFOPLIST_KEY_UILaunchStoryboardName = LaunchScreen;
				INFOPLIST_KEY_UISupportedInterfaceOrientations_iPad = "UIInterfaceOrientationPortrait UIInterfaceOrientationPortraitUpsideDown UIInterfaceOrientationLandscapeLeft UIInterfaceOrientationLandscapeRight";
				INFOPLIST_KEY_UISupportedInterfaceOrientations_iPhone = "UIInterfaceOrientationPortrait UIInterfaceOrientationLandscapeLeft UIInterfaceOrientationLandscapeRight";
				LD_RUNPATH_SEARCH_PATHS = (
					"$(inherited)",
					"@executable_path/Frameworks",
				);
				MARKETING_VERSION = 1.0;
				PRODUCT_BUNDLE_IDENTIFIER = "com.mert.YouTube-Project";
				PRODUCT_NAME = "$(TARGET_NAME)";
				SWIFT_EMIT_LOC_STRINGS = YES;
				SWIFT_VERSION = 5.0;
				TARGETED_DEVICE_FAMILY = "1,2";
			};
			name = Release;
		};
/* End XCBuildConfiguration section */

/* Begin XCConfigurationList section */
		84FA473829768243008B605D /* Build configuration list for PBXProject "YouTube_Project" */ = {
			isa = XCConfigurationList;
			buildConfigurations = (
				84FA474F29768245008B605D /* Debug */,
				84FA475029768245008B605D /* Release */,
			);
			defaultConfigurationIsVisible = 0;
			defaultConfigurationName = Release;
		};
		84FA475129768245008B605D /* Build configuration list for PBXNativeTarget "YouTube_Project" */ = {
			isa = XCConfigurationList;
			buildConfigurations = (
				84FA475229768245008B605D /* Debug */,
				84FA475329768245008B605D /* Release */,
			);
			defaultConfigurationIsVisible = 0;
			defaultConfigurationName = Release;
		};
/* End XCConfigurationList section */

/* Begin XCRemoteSwiftPackageReference section */
		84FA476A29768497008B605D /* XCRemoteSwiftPackageReference "SnapKit" */ = {
			isa = XCRemoteSwiftPackageReference;
			repositoryURL = "https://github.com/SnapKit/SnapKit.git";
			requirement = {
				branch = develop;
				kind = branch;
			};
		};
		84FA476D297684C7008B605D /* XCRemoteSwiftPackageReference "Alamofire" */ = {
			isa = XCRemoteSwiftPackageReference;
			repositoryURL = "https://github.com/Alamofire/Alamofire.git";
			requirement = {
				kind = upToNextMajorVersion;
				minimumVersion = 5.0.0;
			};
		};
/* End XCRemoteSwiftPackageReference section */

/* Begin XCSwiftPackageProductDependency section */
		84FA476B29768497008B605D /* SnapKit */ = {
			isa = XCSwiftPackageProductDependency;
			package = 84FA476A29768497008B605D /* XCRemoteSwiftPackageReference "SnapKit" */;
			productName = SnapKit;
		};
		84FA476E297684C7008B605D /* Alamofire */ = {
			isa = XCSwiftPackageProductDependency;
			package = 84FA476D297684C7008B605D /* XCRemoteSwiftPackageReference "Alamofire" */;
			productName = Alamofire;
		};
/* End XCSwiftPackageProductDependency section */
	};
	rootObject = 84FA473529768243008B605D /* Project object */;
}
